
Microsoft Visual Studio Solution File, Format Version 12.00
# Visual Studio 2013
VisualStudioVersion = 12.0.30501.0
MinimumVisualStudioVersion = 10.0.40219.1
Project("{FAE04EC0-301F-11D3-BF4B-00C04F79EFBC}") = "Server", "Server\Server.csproj", "{05290FC6-154B-42AB-A1EA-0BD8B1AF1C99}"
EndProject
Project("{FAE04EC0-301F-11D3-BF4B-00C04F79EFBC}") = "Client", "Client\Client.csproj", "{C87ADA7B-AF50-4597-9B54-DADF486C5A71}"
EndProject
Project("{FAE04EC0-301F-11D3-BF4B-00C04F79EFBC}") = "ClientCmd", "ClientCmd\ClientCmd.csproj", "{4AEF419F-1290-4D00-9A7F-237B53732D6B}"
EndProject
Project("{FAE04EC0-301F-11D3-BF4B-00C04F79EFBC}") = "Remotes", "Remotes\Remotes.csproj", "{DBF27FED-0F66-4DFC-8AB9-0450797E8112}"
EndProject
Project("{FAE04EC0-301F-11D3-BF4B-00C04F79EFBC}") = "Common", "Common\Common.csproj", "{6231DE59-7C72-4AEC-BC1D-C56752E664E4}"
EndProject
Project("{FAE04EC0-301F-11D3-BF4B-00C04F79EFBC}") = "ClientGUI", "ClientGUI\ClientGUI.csproj", "{C2CB7843-7725-44CB-806C-F7F29CD1D0FB}"
EndProject
Global
	GlobalSection(SolutionConfigurationPlatforms) = preSolution
		Debug|Any CPU = Debug|Any CPU
		Debug|Mixed Platforms = Debug|Mixed Platforms
		Debug|x86 = Debug|x86
		Release|Any CPU = Release|Any CPU
		Release|Mixed Platforms = Release|Mixed Platforms
		Release|x86 = Release|x86
	EndGlobalSection
	GlobalSection(ProjectConfigurationPlatforms) = postSolution
		{05290FC6-154B-42AB-A1EA-0BD8B1AF1C99}.Debug|Any CPU.ActiveCfg = Debug|x86
		{05290FC6-154B-42AB-A1EA-0BD8B1AF1C99}.Debug|Mixed Platforms.ActiveCfg = Debug|x86
		{05290FC6-154B-42AB-A1EA-0BD8B1AF1C99}.Debug|Mixed Platforms.Build.0 = Debug|x86
		{05290FC6-154B-42AB-A1EA-0BD8B1AF1C99}.Debug|x86.ActiveCfg = Debug|x86
		{05290FC6-154B-42AB-A1EA-0BD8B1AF1C99}.Debug|x86.Build.0 = Debug|x86
		{05290FC6-154B-42AB-A1EA-0BD8B1AF1C99}.Release|Any CPU.ActiveCfg = Release|x86
		{05290FC6-154B-42AB-A1EA-0BD8B1AF1C99}.Release|Mixed Platforms.ActiveCfg = Release|x86
		{05290FC6-154B-42AB-A1EA-0BD8B1AF1C99}.Release|Mixed Platforms.Build.0 = Release|x86
		{05290FC6-154B-42AB-A1EA-0BD8B1AF1C99}.Release|x86.ActiveCfg = Release|x86
		{05290FC6-154B-42AB-A1EA-0BD8B1AF1C99}.Release|x86.Build.0 = Release|x86
		{C87ADA7B-AF50-4597-9B54-DADF486C5A71}.Debug|Any CPU.ActiveCfg = Debug|x86
		{C87ADA7B-AF50-4597-9B54-DADF486C5A71}.Debug|Mixed Platforms.ActiveCfg = Debug|x86
		{C87ADA7B-AF50-4597-9B54-DADF486C5A71}.Debug|Mixed Platforms.Build.0 = Debug|x86
		{C87ADA7B-AF50-4597-9B54-DADF486C5A71}.Debug|x86.ActiveCfg = Debug|x86
		{C87ADA7B-AF50-4597-9B54-DADF486C5A71}.Debug|x86.Build.0 = Debug|x86
		{C87ADA7B-AF50-4597-9B54-DADF486C5A71}.Release|Any CPU.ActiveCfg = Release|x86
		{C87ADA7B-AF50-4597-9B54-DADF486C5A71}.Release|Mixed Platforms.ActiveCfg = Release|x86
		{C87ADA7B-AF50-4597-9B54-DADF486C5A71}.Release|Mixed Platforms.Build.0 = Release|x86
		{C87ADA7B-AF50-4597-9B54-DADF486C5A71}.Release|x86.ActiveCfg = Release|x86
		{C87ADA7B-AF50-4597-9B54-DADF486C5A71}.Release|x86.Build.0 = Release|x86
		{4AEF419F-1290-4D00-9A7F-237B53732D6B}.Debug|Any CPU.ActiveCfg = Debug|x86
		{4AEF419F-1290-4D00-9A7F-237B53732D6B}.Debug|Mixed Platforms.ActiveCfg = Debug|x86
		{4AEF419F-1290-4D00-9A7F-237B53732D6B}.Debug|Mixed Platforms.Build.0 = Debug|x86
		{4AEF419F-1290-4D00-9A7F-237B53732D6B}.Debug|x86.ActiveCfg = Debug|x86
		{4AEF419F-1290-4D00-9A7F-237B53732D6B}.Debug|x86.Build.0 = Debug|x86
		{4AEF419F-1290-4D00-9A7F-237B53732D6B}.Release|Any CPU.ActiveCfg = Release|x86
		{4AEF419F-1290-4D00-9A7F-237B53732D6B}.Release|Mixed Platforms.ActiveCfg = Release|x86
		{4AEF419F-1290-4D00-9A7F-237B53732D6B}.Release|Mixed Platforms.Build.0 = Release|x86
		{4AEF419F-1290-4D00-9A7F-237B53732D6B}.Release|x86.ActiveCfg = Release|x86
		{4AEF419F-1290-4D00-9A7F-237B53732D6B}.Release|x86.Build.0 = Release|x86
		{DBF27FED-0F66-4DFC-8AB9-0450797E8112}.Debug|Any CPU.ActiveCfg = Debug|x86
		{DBF27FED-0F66-4DFC-8AB9-0450797E8112}.Debug|Mixed Platforms.ActiveCfg = Debug|x86
		{DBF27FED-0F66-4DFC-8AB9-0450797E8112}.Debug|Mixed Platforms.Build.0 = Debug|x86
		{DBF27FED-0F66-4DFC-8AB9-0450797E8112}.Debug|x86.ActiveCfg = Debug|x86
		{DBF27FED-0F66-4DFC-8AB9-0450797E8112}.Debug|x86.Build.0 = Debug|x86
		{DBF27FED-0F66-4DFC-8AB9-0450797E8112}.Release|Any CPU.ActiveCfg = Release|x86
		{DBF27FED-0F66-4DFC-8AB9-0450797E8112}.Release|Mixed Platforms.ActiveCfg = Release|x86
		{DBF27FED-0F66-4DFC-8AB9-0450797E8112}.Release|Mixed Platforms.Build.0 = Release|x86
		{DBF27FED-0F66-4DFC-8AB9-0450797E8112}.Release|x86.ActiveCfg = Release|x86
		{DBF27FED-0F66-4DFC-8AB9-0450797E8112}.Release|x86.Build.0 = Release|x86
		{6231DE59-7C72-4AEC-BC1D-C56752E664E4}.Debug|Any CPU.ActiveCfg = Debug|x86
		{6231DE59-7C72-4AEC-BC1D-C56752E664E4}.Debug|Mixed Platforms.ActiveCfg = Debug|x86
		{6231DE59-7C72-4AEC-BC1D-C56752E664E4}.Debug|Mixed Platforms.Build.0 = Debug|x86
		{6231DE59-7C72-4AEC-BC1D-C56752E664E4}.Debug|x86.ActiveCfg = Debug|x86
		{6231DE59-7C72-4AEC-BC1D-C56752E664E4}.Debug|x86.Build.0 = Debug|x86
		{6231DE59-7C72-4AEC-BC1D-C56752E664E4}.Release|Any CPU.ActiveCfg = Release|x86
		{6231DE59-7C72-4AEC-BC1D-C56752E664E4}.Release|Mixed Platforms.ActiveCfg = Release|x86
		{6231DE59-7C72-4AEC-BC1D-C56752E664E4}.Release|Mixed Platforms.Build.0 = Release|x86
		{6231DE59-7C72-4AEC-BC1D-C56752E664E4}.Release|x86.ActiveCfg = Release|x86
		{6231DE59-7C72-4AEC-BC1D-C56752E664E4}.Release|x86.Build.0 = Release|x86
		{C2CB7843-7725-44CB-806C-F7F29CD1D0FB}.Debug|Any CPU.ActiveCfg = Debug|x86
		{C2CB7843-7725-44CB-806C-F7F29CD1D0FB}.Debug|Mixed Platforms.ActiveCfg = Debug|x86
		{C2CB7843-7725-44CB-806C-F7F29CD1D0FB}.Debug|Mixed Platforms.Build.0 = Debug|x86
		{C2CB7843-7725-44CB-806C-F7F29CD1D0FB}.Debug|x86.ActiveCfg = Debug|x86
		{C2CB7843-7725-44CB-806C-F7F29CD1D0FB}.Debug|x86.Build.0 = Debug|x86
		{C2CB7843-7725-44CB-806C-F7F29CD1D0FB}.Release|Any CPU.ActiveCfg = Release|x86
		{C2CB7843-7725-44CB-806C-F7F29CD1D0FB}.Release|Mixed Platforms.ActiveCfg = Release|x86
		{C2CB7843-7725-44CB-806C-F7F29CD1D0FB}.Release|Mixed Platforms.Build.0 = Release|x86
		{C2CB7843-7725-44CB-806C-F7F29CD1D0FB}.Release|x86.ActiveCfg = Release|x86
		{C2CB7843-7725-44CB-806C-F7F29CD1D0FB}.Release|x86.Build.0 = Release|x86
	EndGlobalSection
	GlobalSection(SolutionProperties) = preSolution
		HideSolutionNode = FALSE
	EndGlobalSection
	GlobalSection(MonoDevelopProperties) = preSolution
		Policies = $0
		$0.DotNetNamingPolicy = $1
		$1.DirectoryNamespaceAssociation = None
		$1.ResourceNamePolicy = FileFormatDefault
		$0.TextStylePolicy = $5
		$2.inheritsSet = null
		$2.scope = text/x-csharp
		$0.CSharpFormattingPolicy = $3
		$3.AfterDelegateDeclarationParameterComma = True
		$3.inheritsSet = Mono
		$3.inheritsScope = text/x-csharp
		$3.scope = text/x-csharp
		$4.FileWidth = 120
		$4.TabsToSpaces = False
		$4.inheritsSet = VisualStudio
		$4.inheritsScope = text/plain
		$4.scope = text/plain
		$5.inheritsSet = null
		$5.scope = application/xml
		$0.XmlFormattingPolicy = $6
		$6.inheritsSet = Mono
		$6.inheritsScope = application/xml
		$6.scope = application/xml
		$0.StandardHeader = $7
		$7.Text = 
		$7.IncludeInNewFiles = True
		$0.VersionControlPolicy = $8
		$8.inheritsSet = Mono
	EndGlobalSection
EndGlobal
